
Microsoft Visual Studio Solution File, Format Version 12.00
# Visual Studio Version 17
VisualStudioVersion = 17.6.33829.357
MinimumVisualStudioVersion = 10.0.40219.1
Project("{FAE04EC0-301F-11D3-BF4B-00C04F79EFBC}") = "NourHajallie_Assignment", "NourHajallie_Assignment.csproj", "{278946A7-588A-41F2-91B2-183A2E1D7501}"
EndProject
Global
	GlobalSection(SolutionConfigurationPlatforms) = preSolution
		Debug|Any CPU = Debug|Any CPU
		Release|Any CPU = Release|Any CPU
	EndGlobalSection
	GlobalSection(ProjectConfigurationPlatforms) = postSolution
		{278946A7-588A-41F2-91B2-183A2E1D7501}.Debug|Any CPU.ActiveCfg = Debug|Any CPU
		{278946A7-588A-41F2-91B2-183A2E1D7501}.Debug|Any CPU.Build.0 = Debug|Any CPU
		{278946A7-588A-41F2-91B2-183A2E1D7501}.Release|Any CPU.ActiveCfg = Release|Any CPU
		{278946A7-588A-41F2-91B2-183A2E1D7501}.Release|Any CPU.Build.0 = Release|Any CPU
	EndGlobalSection
	GlobalSection(SolutionProperties) = preSolution
		HideSolutionNode = FALSE
	EndGlobalSection
	GlobalSection(ExtensibilityGlobals) = postSolution
		SolutionGuid = {F497BC11-ED56-4284-A862-AE4D5D19AA4A}
	EndGlobalSection
EndGlobal
